
Microsoft Visual Studio Solution File, Format Version 12.00
# Visual Studio Version 17
VisualStudioVersion = 17.8.34309.116
MinimumVisualStudioVersion = 10.0.40219.1
Project("{9A19103F-16F7-4668-BE54-9A1E7A4F7556}") = "CS7GUIs", "CS7GUIs\CS7GUIs.csproj", "{19C375A0-7B22-41FB-85C1-9B7CAF4E7754}"
EndProject
Project("{2150E333-8FDC-42A3-9474-1A3956D46DE8}") = "方案項目", "方案項目", "{13DB314B-D3D8-40EA-A4E9-1F6D71EBE23B}"
	ProjectSection(SolutionItems) = preProject
		.editorconfig = .editorconfig
		.gitignore = .gitignore
	EndProjectSection
EndProject
Project("{2150E333-8FDC-42A3-9474-1A3956D46DE8}") = "Solution Items", "Solution Items", "{7A02636A-FF0C-4933-882D-19D63C34FA08}"
	ProjectSection(SolutionItems) = preProject
		.editorconfig = .editorconfig
	EndProjectSection
EndProject
Global
	GlobalSection(SolutionConfigurationPlatforms) = preSolution
		Debug|Any CPU = Debug|Any CPU
		Release|Any CPU = Release|Any CPU
	EndGlobalSection
	GlobalSection(ProjectConfigurationPlatforms) = postSolution
		{19C375A0-7B22-41FB-85C1-9B7CAF4E7754}.Debug|Any CPU.ActiveCfg = Debug|Any CPU
		{19C375A0-7B22-41FB-85C1-9B7CAF4E7754}.Debug|Any CPU.Build.0 = Debug|Any CPU
		{19C375A0-7B22-41FB-85C1-9B7CAF4E7754}.Release|Any CPU.ActiveCfg = Release|Any CPU
		{19C375A0-7B22-41FB-85C1-9B7CAF4E7754}.Release|Any CPU.Build.0 = Release|Any CPU
	EndGlobalSection
	GlobalSection(SolutionProperties) = preSolution
		HideSolutionNode = FALSE
	EndGlobalSection
	GlobalSection(ExtensibilityGlobals) = postSolution
		SolutionGuid = {6402B6E1-7279-4C0B-9EF3-4FA4A2016F78}
	EndGlobalSection
EndGlobal
